<Solution>
  <Folder Name="/.github/">
    <File Path=".github/dependabot.yml" />
    <File Path=".github/pull_request_template.md" />
  </Folder>
  <Folder Name="/.github/ISSUE_TEMPLATE/">
    <File Path=".github/ISSUE_TEMPLATE/bug_report.yml" />
    <File Path=".github/ISSUE_TEMPLATE/config.yml" />
  </Folder>
  <Folder Name="/.github/workflows/">
    <File Path=".github/workflows/release.yml" />
  </Folder>
  <Folder Name="/Solution Items/">
    <File Path=".editorconfig" />
    <File Path=".gitattributes" />
    <File Path=".gitignore" />
    <File Path="LICENSE" />
    <File Path="README.md" />
  </Folder>
  <Folder Name="/wiki/">
    <File Path="wiki/Glossary.md" />
    <File Path="wiki/Home.md" />
    <File Path="wiki/How-To-First-Dryrun.md" />
    <File Path="wiki/How-To-First-Full-Build.md" />
    <File Path="wiki/Recipe-Deep-Dive-Corpus-Strategy.md" />
    <File Path="wiki/Recipe-Deep-Dive-Defaults-and-Reproducibility.md" />
    <File Path="wiki/Troubleshooting-FAQ.md" />
    <File Path="wiki/Tuning-Playbook-Router.md" />
    <File Path="wiki/_Sidebar.md" />
  </Folder>
  <Project Path="MsMoEMaker/MsMoEMaker.pyproj" Type="888888a0-9f3d-457c-b088-3a5042f75d52" Id="7c1f4a92-3e6d-4b18-9a4c-2f8b6d5e1a03">
    <Build Project="false" />
  </Project>
</Solution>
